
Microsoft Visual Studio Solution File, Format Version 12.00
# Visual Studio Version 16
VisualStudioVersion = 16.0.33529.622
MinimumVisualStudioVersion = 10.0.40219.1
Project("{8BC9CEB8-8B4A-11D0-8D11-00A0C91BC942}") = "ConsoleApplication1", "ConsoleApplication1\ConsoleApplication1.vcxproj", "{A7C50926-CD5D-40A4-8821-F384337DBFF4}"
EndProject
Global
	GlobalSection(SolutionConfigurationPlatforms) = preSolution
		Debug|x64 = Debug|x64
		Debug|x86 = Debug|x86
		Release|x64 = Release|x64
		Release|x86 = Release|x86
	EndGlobalSection
	GlobalSection(ProjectConfigurationPlatforms) = postSolution
		{A7C50926-CD5D-40A4-8821-F384337DBFF4}.Debug|x64.ActiveCfg = Debug|x64
		{A7C50926-CD5D-40A4-8821-F384337DBFF4}.Debug|x64.Build.0 = Debug|x64
		{A7C50926-CD5D-40A4-8821-F384337DBFF4}.Debug|x86.ActiveCfg = Debug|Win32
		{A7C50926-CD5D-40A4-8821-F384337DBFF4}.Debug|x86.Build.0 = Debug|Win32
		{A7C50926-CD5D-40A4-8821-F384337DBFF4}.Release|x64.ActiveCfg = Release|x64
		{A7C50926-CD5D-40A4-8821-F384337DBFF4}.Release|x64.Build.0 = Release|x64
		{A7C50926-CD5D-40A4-8821-F384337DBFF4}.Release|x86.ActiveCfg = Release|Win32
		{A7C50926-CD5D-40A4-8821-F384337DBFF4}.Release|x86.Build.0 = Release|Win32
	EndGlobalSection
	GlobalSection(SolutionProperties) = preSolution
		HideSolutionNode = FALSE
	EndGlobalSection
	GlobalSection(ExtensibilityGlobals) = postSolution
		SolutionGuid = {4EC57740-E73F-4791-AC2E-745F658FB8EE}
	EndGlobalSection
EndGlobal
